// !$*UTF8*$!
{
	archiveVersion = 1;
	classes = {
	};
	objectVersion = 48;
	objects = {

/* Begin PBXBuildFile section */
		A1519C1F1FBC47BE006E8B27 /* AppDelegate.swift in Sources */ = {isa = PBXBuildFile; fileRef = A1519C1E1FBC47BE006E8B27 /* AppDelegate.swift */; };
		A1519C211FBC47BE006E8B27 /* ViewController.swift in Sources */ = {isa = PBXBuildFile; fileRef = A1519C201FBC47BE006E8B27 /* ViewController.swift */; };
		A1519C241FBC47BE006E8B27 /* Main.storyboard in Resources */ = {isa = PBXBuildFile; fileRef = A1519C221FBC47BE006E8B27 /* Main.storyboard */; };
		A1519C261FBC47BE006E8B27 /* Assets.xcassets in Resources */ = {isa = PBXBuildFile; fileRef = A1519C251FBC47BE006E8B27 /* Assets.xcassets */; };
		A1519C291FBC47BE006E8B27 /* LaunchScreen.storyboard in Resources */ = {isa = PBXBuildFile; fileRef = A1519C271FBC47BE006E8B27 /* LaunchScreen.storyboard */; };
/* End PBXBuildFile section */

/* Begin PBXFileReference section */
		A1519C1B1FBC47BE006E8B27 /* DropCapTextSample.app */ = {isa = PBXFileReference; explicitFileType = wrapper.application; includeInIndex = 0; path = DropCapTextSample.app; sourceTree = BUILT_PRODUCTS_DIR; };
		A1519C1E1FBC47BE006E8B27 /* AppDelegate.swift */ = {isa = PBXFileReference; lastKnownFileType = sourcecode.swift; path = AppDelegate.swift; sourceTree = "<group>"; };
		A1519C201FBC47BE006E8B27 /* ViewController.swift */ = {isa = PBXFileReference; lastKnownFileType = sourcecode.swift; path = ViewController.swift; sourceTree = "<group>"; };
		A1519C231FBC47BE006E8B27 /* Base */ = {isa = PBXFileReference; lastKnownFileType = file.storyboard; name = Base; path = Base.lproj/Main.storyboard; sourceTree = "<group>"; };
		A1519C251FBC47BE006E8B27 /* Assets.xcassets */ = {isa = PBXFileReference; lastKnownFileType = folder.assetcatalog; path = Assets.xcassets; sourceTree = "<group>"; };
		A1519C281FBC47BE006E8B27 /* Base */ = {isa = PBXFileReference; lastKnownFileType = file.storyboard; name = Base; path = Base.lproj/LaunchScreen.storyboard; sourceTree = "<group>"; };
		A1519C2A1FBC47BE006E8B27 /* Info.plist */ = {isa = PBXFileReference; lastKnownFileType = text.plist.xml; path = Info.plist; sourceTree = "<group>"; };
/* End PBXFileReference section */

/* Begin PBXFrameworksBuildPhase section */
		A1519C181FBC47BE006E8B27 /* Frameworks */ = {
			isa = PBXFrameworksBuildPhase;
			buildActionMask = 2147483647;
			files = (
			);
			runOnlyForDeploymentPostprocessing = 0;
		};
/* End PBXFrameworksBuildPhase section */

/* Begin PBXGroup section */
		A1519C121FBC47BE006E8B27 = {
			isa = PBXGroup;
			children = (
				A1519C1D1FBC47BE006E8B27 /* DropCapTextSample */,
				A1519C1C1FBC47BE006E8B27 /* Products */,
			);
			sourceTree = "<group>";
		};
		A1519C1C1FBC47BE006E8B27 /* Products */ = {
			isa = PBXGroup;
			children = (
				A1519C1B1FBC47BE006E8B27 /* DropCapTextSample.app */,
			);
			name = Products;
			sourceTree = "<group>";
		};
		A1519C1D1FBC47BE006E8B27 /* DropCapTextSample */ = {
			isa = PBXGroup;
			children = (
				A1519C1E1FBC47BE006E8B27 /* AppDelegate.swift */,
				A1519C201FBC47BE006E8B27 /* ViewController.swift */,
				A1519C221FBC47BE006E8B27 /* Main.storyboard */,
				A1519C251FBC47BE006E8B27 /* Assets.xcassets */,
				A1519C271FBC47BE006E8B27 /* LaunchScreen.storyboard */,
				A1519C2A1FBC47BE006E8B27 /* Info.plist */,
			);
			path = DropCapTextSample;
			sourceTree = "<group>";
		};
/* End PBXGroup section */

/* Begin PBXNativeTarget section */
		A1519C1A1FBC47BE006E8B27 /* DropCapTextSample */ = {
			isa = PBXNativeTarget;
			buildConfigurationList = A1519C2D1FBC47BE006E8B27 /* Build configuration list for PBXNativeTarget "DropCapTextSample" */;
			buildPhases = (
				A1519C171FBC47BE006E8B27 /* Sources */,
				A1519C181FBC47BE006E8B27 /* Frameworks */,
				A1519C191FBC47BE006E8B27 /* Resources */,
			);
			buildRules = (
			);
			dependencies = (
			);
			name = DropCapTextSample;
			productName = DropCapTextSample;
			productReference = A1519C1B1FBC47BE006E8B27 /* DropCapTextSample.app */;
			productType = "com.apple.product-type.application";
		};
/* End PBXNativeTarget section */

/* Begin PBXProject section */
		A1519C131FBC47BE006E8B27 /* Project object */ = {
			isa = PBXProject;
			attributes = {
				LastSwiftUpdateCheck = 0910;
				LastUpgradeCheck = 0910;
				ORGANIZATIONNAME = tanukit1987;
				TargetAttributes = {
					A1519C1A1FBC47BE006E8B27 = {
						CreatedOnToolsVersion = 9.1;
						ProvisioningStyle = Automatic;
					};
				};
			};
			buildConfigurationList = A1519C161FBC47BE006E8B27 /* Build configuration list for PBXProject "DropCapTextSample" */;
			compatibilityVersion = "Xcode 8.0";
			developmentRegion = en;
			hasScannedForEncodings = 0;
			knownRegions = (
				en,
				Base,
			);
			mainGroup = A1519C121FBC47BE006E8B27;
			productRefGroup = A1519C1C1FBC47BE006E8B27 /* Products */;
			projectDirPath = "";
			projectRoot = "";
			targets = (
				A1519C1A1FBC47BE006E8B27 /* DropCapTextSample */,
			);
		};
/* End PBXProject section */

/* Begin PBXResourcesBuildPhase section */
		A1519C191FBC47BE006E8B27 /* Resources */ = {
			isa = PBXResourcesBuildPhase;
			buildActionMask = 2147483647;
			files = (
				A1519C291FBC47BE006E8B27 /* LaunchScreen.storyboard in Resources */,
				A1519C261FBC47BE006E8B27 /* Assets.xcassets in Resources */,
				A1519C241FBC47BE006E8B27 /* Main.storyboard in Resources */,
			);
			runOnlyForDeploymentPostprocessing = 0;
		};
/* End PBXResourcesBuildPhase section */

/* Begin PBXSourcesBuildPhase section */
		A1519C171FBC47BE006E8B27 /* Sources */ = {
			isa = PBXSourcesBuildPhase;
			buildActionMask = 2147483647;
			files = (
				A1519C211FBC47BE006E8B27 /* ViewController.swift in Sources */,
				A1519C1F1FBC47BE006E8B27 /* AppDelegate.swift in Sources */,
			);
			runOnlyForDeploymentPostprocessing = 0;
		};
/* End PBXSourcesBuildPhase section */

/* Begin PBXVariantGroup section */
		A1519C221FBC47BE006E8B27 /* Main.storyboard */ = {
			isa = PBXVariantGroup;
			children = (
				A1519C231FBC47BE006E8B27 /* Base */,
			);
			name = Main.storyboard;
			sourceTree = "<group>";
		};
		A1519C271FBC47BE006E8B27 /* LaunchScreen.storyboard */ = {
			isa = PBXVariantGroup;
			children = (
				A1519C281FBC47BE006E8B27 /* Base */,
			);
			name = LaunchScreen.storyboard;
			sourceTree = "<group>";
		};
/* End PBXVariantGroup section */

/* Begin XCBuildConfiguration section */
		A1519C2B1FBC47BE006E8B27 /* Debug */ = {
			isa = XCBuildConfiguration;
			buildSettings = {
				ALWAYS_SEARCH_USER_PATHS = NO;
				CLANG_ANALYZER_NONNULL = YES;
				CLANG_ANALYZER_NUMBER_OBJECT_CONVERSION = YES_AGGRESSIVE;
				CLANG_CXX_LANGUAGE_STANDARD = "gnu++14";
				CLANG_CXX_LIBRARY = "libc++";
				CLANG_ENABLE_MODULES = YES;
				CLANG_ENABLE_OBJC_ARC = YES;
				CLANG_WARN_BLOCK_CAPTURE_AUTORELEASING = YES;
				CLANG_WARN_BOOL_CONVERSION = YES;
				CLANG_WARN_COMMA = YES;
				CLANG_WARN_CONSTANT_CONVERSION = YES;
				CLANG_WARN_DIRECT_OBJC_ISA_USAGE = YES_ERROR;
				CLANG_WARN_DOCUMENTATION_COMMENTS = YES;
				CLANG_WARN_EMPTY_BODY = YES;
				CLANG_WARN_ENUM_CONVERSION = YES;
				CLANG_WARN_INFINITE_RECURSION = YES;
				CLANG_WARN_INT_CONVERSION = YES;
				CLANG_WARN_NON_LITERAL_NULL_CONVERSION = YES;
				CLANG_WARN_OBJC_LITERAL_CONVERSION = YES;
				CLANG_WARN_OBJC_ROOT_CLASS = YES_ERROR;
				CLANG_WARN_RANGE_LOOP_ANALYSIS = YES;
				CLANG_WARN_STRICT_PROTOTYPES = YES;
				CLANG_WARN_SUSPICIOUS_MOVE = YES;
				CLANG_WARN_UNGUARDED_AVAILABILITY = YES_AGGRESSIVE;
				CLANG_WARN_UNREACHABLE_CODE = YES;
				CLANG_WARN__DUPLICATE_METHOD_MATCH = YES;
				CODE_SIGN_IDENTITY = "iPhone Developer";
				COPY_PHASE_STRIP = NO;
				DEBUG_INFORMATION_FORMAT = dwarf;
				ENABLE_STRICT_OBJC_MSGSEND = YES;
				ENABLE_TESTABILITY = YES;
				GCC_C_LANGUAGE_STANDARD = gnu11;
				GCC_DYNAMIC_NO_PIC = NO;
				GCC_NO_COMMON_BLOCKS = YES;
				GCC_OPTIMIZATION_LEVEL = 0;
				GCC_PREPROCESSOR_DEFINITIONS = (
					"DEBUG=1",
					"$(inherited)",
				);
				GCC_WARN_64_TO_32_BIT_CONVERSION = YES;
				GCC_WARN_ABOUT_RETURN_TYPE = YES_ERROR;
				GCC_WARN_UNDECLARED_SELECTOR = YES;
				GCC_WARN_UNINITIALIZED_AUTOS = YES_AGGRESSIVE;
				GCC_WARN_UNUSED_FUNCTION = YES;
				GCC_WARN_UNUSED_VARIABLE = YES;
				IPHONEOS_DEPLOYMENT_TARGET = 11.1;
				MTL_ENABLE_DEBUG_INFO = YES;
				ONLY_ACTIVE_ARCH = YES;
				SDKROOT = iphoneos;
				SWIFT_ACTIVE_COMPILATION_CONDITIONS = DEBUG;
				SWIFT_OPTIMIZATION_LEVEL = "-Onone";
			};
			name = Debug;
		};
		A1519C2C1FBC47BE006E8B27 /* Release */ = {
			isa = XCBuildConfiguration;
			buildSettings = {
				ALWAYS_SEARCH_USER_PATHS = NO;
				CLANG_ANALYZER_NONNULL = YES;
				CLANG_ANALYZER_NUMBER_OBJECT_CONVERSION = YES_AGGRESSIVE;
				CLANG_CXX_LANGUAGE_STANDARD = "gnu++14";
				CLANG_CXX_LIBRARY = "libc++";
				CLANG_ENABLE_MODULES = YES;
				CLANG_ENABLE_OBJC_ARC = YES;
				CLANG_WARN_BLOCK_CAPTURE_AUTORELEASING = YES;
				CLANG_WARN_BOOL_CONVERSION = YES;
				CLANG_WARN_COMMA = YES;
				CLANG_WARN_CONSTANT_CONVERSION = YES;
				CLANG_WARN_DIRECT_OBJC_ISA_USAGE = YES_ERROR;
				CLANG_WARN_DOCUMENTATION_COMMENTS = YES;
				CLANG_WARN_EMPTY_BODY = YES;
				CLANG_WARN_ENUM_CONVERSION = YES;
				CLANG_WARN_INFINITE_RECURSION = YES;
				CLANG_WARN_INT_CONVERSION = YES;
				CLANG_WARN_NON_LITERAL_NULL_CONVERSION = YES;
				CLANG_WARN_OBJC_LITERAL_CONVERSION = YES;
				CLANG_WARN_OBJC_ROOT_CLASS = YES_ERROR;
				CLANG_WARN_RANGE_LOOP_ANALYSIS = YES;
				CLANG_WARN_STRICT_PROTOTYPES = YES;
				CLANG_WARN_SUSPICIOUS_MOVE = YES;
				CLANG_WARN_UNGUARDED_AVAILABILITY = YES_AGGRESSIVE;
				CLANG_WARN_UNREACHABLE_CODE = YES;
				CLANG_WARN__DUPLICATE_METHOD_MATCH = YES;
				CODE_SIGN_IDENTITY = "iPhone Developer";
				COPY_PHASE_STRIP = NO;
				DEBUG_INFORMATION_FORMAT = "dwarf-with-dsym";
				ENABLE_NS_ASSERTIONS = NO;
				ENABLE_STRICT_OBJC_MSGSEND = YES;
				GCC_C_LANGUAGE_STANDARD = gnu11;
				GCC_NO_COMMON_BLOCKS = YES;
				GCC_WARN_64_TO_32_BIT_CONVERSION = YES;
				GCC_WARN_ABOUT_RETURN_TYPE = YES_ERROR;
				GCC_WARN_UNDECLARED_SELECTOR = YES;
				GCC_WARN_UNINITIALIZED_AUTOS = YES_AGGRESSIVE;
				GCC_WARN_UNUSED_FUNCTION = YES;
				GCC_WARN_UNUSED_VARIABLE = YES;
				IPHONEOS_DEPLOYMENT_TARGET = 11.1;
				MTL_ENABLE_DEBUG_INFO = NO;
				SDKROOT = iphoneos;
				SWIFT_OPTIMIZATION_LEVEL = "-Owholemodule";
				VALIDATE_PRODUCT = YES;
			};
			name = Release;
		};
		A1519C2E1FBC47BE006E8B27 /* Debug */ = {
			isa = XCBuildConfiguration;
			buildSettings = {
				ASSETCATALOG_COMPILER_APPICON_NAME = AppIcon;
				CODE_SIGN_STYLE = Automatic;
				DEVELOPMENT_TEAM = 6G54V4TBLN;
				INFOPLIST_FILE = DropCapTextSample/Info.plist;
				LD_RUNPATH_SEARCH_PATHS = "$(inherited) @executable_path/Frameworks";
				PRODUCT_BUNDLE_IDENTIFIER = cc.milk200.DropCapTextSample;
				PRODUCT_NAME = "$(TARGET_NAME)";
				SWIFT_VERSION = 4.0;
				TARGETED_DEVICE_FAMILY = "1,2";
			};
			name = Debug;
		};
		A1519C2F1FBC47BE006E8B27 /* Release */ = {
			isa = XCBuildConfiguration;
			buildSettings = {
				ASSETCATALOG_COMPILER_APPICON_NAME = AppIcon;
				CODE_SIGN_STYLE = Automatic;
				DEVELOPMENT_TEAM = 6G54V4TBLN;
				INFOPLIST_FILE = DropCapTextSample/Info.plist;
				LD_RUNPATH_SEARCH_PATHS = "$(inherited) @executable_path/Frameworks";
				PRODUCT_BUNDLE_IDENTIFIER = cc.milk200.DropCapTextSample;
				PRODUCT_NAME = "$(TARGET_NAME)";
				SWIFT_VERSION = 4.0;
				TARGETED_DEVICE_FAMILY = "1,2";
			};
			name = Release;
		};
/* End XCBuildConfiguration section */

/* Begin XCConfigurationList section */
		A1519C161FBC47BE006E8B27 /* Build configuration list for PBXProject "DropCapTextSample" */ = {
			isa = XCConfigurationList;
			buildConfigurations = (
				A1519C2B1FBC47BE006E8B27 /* Debug */,
				A1519C2C1FBC47BE006E8B27 /* Release */,
			);
			defaultConfigurationIsVisible = 0;
			defaultConfigurationName = Release;
		};
		A1519C2D1FBC47BE006E8B27 /* Build configuration list for PBXNativeTarget "DropCapTextSample" */ = {
			isa = XCConfigurationList;
			buildConfigurations = (
				A1519C2E1FBC47BE006E8B27 /* Debug */,
				A1519C2F1FBC47BE006E8B27 /* Release */,
			);
			defaultConfigurationIsVisible = 0;
			defaultConfigurationName = Release;
		};
/* End XCConfigurationList section */
	};
	rootObject = A1519C131FBC47BE006E8B27 /* Project object */;
}
